
Microsoft Visual Studio Solution File, Format Version 12.00
# Visual Studio Version 17
VisualStudioVersion = 17.0.31903.59
MinimumVisualStudioVersion = 10.0.40219.1
Project("{2150E333-8FDC-42A3-9474-1A3956D46DE8}") = "Base", "Base", "{91444834-041B-49D4-F19D-19943BFAB384}"
EndProject
Project("{FAE04EC0-301F-11D3-BF4B-00C04F79EFBC}") = "Base.Domain", "Base\Base.Domain\Base.Domain.csproj", "{F6ABCE4E-8C6D-4842-9499-D9935CDD969B}"
EndProject
Project("{FAE04EC0-301F-11D3-BF4B-00C04F79EFBC}") = "Base.Contracts", "Base\Base.Contracts\Base.Contracts.csproj", "{8AF2F3FE-840A-4745-8BC5-9EA4D0B66206}"
EndProject
Project("{FAE04EC0-301F-11D3-BF4B-00C04F79EFBC}") = "App.Domain", "App.Domain\App.Domain.csproj", "{8BEE5C9C-1763-4547-8463-9D077E9BCC7E}"
EndProject
Project("{FAE04EC0-301F-11D3-BF4B-00C04F79EFBC}") = "App.DAL.EF", "App.DAL.EF\App.DAL.EF.csproj", "{15CBB9BD-6F2D-4955-A509-8356AA83E26C}"
EndProject
Project("{FAE04EC0-301F-11D3-BF4B-00C04F79EFBC}") = "App.BLL", "App.BLL\App.BLL.csproj", "{78811DCB-0B9A-4BBD-BDCB-CE1ADE8A496D}"
EndProject
Project("{FAE04EC0-301F-11D3-BF4B-00C04F79EFBC}") = "WebApp", "WebApp\WebApp.csproj", "{976021E2-164C-4DD4-9B91-D96D35056B41}"
EndProject
Global
	GlobalSection(SolutionConfigurationPlatforms) = preSolution
		Debug|Any CPU = Debug|Any CPU
		Debug|x64 = Debug|x64
		Debug|x86 = Debug|x86
		Release|Any CPU = Release|Any CPU
		Release|x64 = Release|x64
		Release|x86 = Release|x86
	EndGlobalSection
	GlobalSection(ProjectConfigurationPlatforms) = postSolution
		{F6ABCE4E-8C6D-4842-9499-D9935CDD969B}.Debug|Any CPU.ActiveCfg = Debug|Any CPU
		{F6ABCE4E-8C6D-4842-9499-D9935CDD969B}.Debug|Any CPU.Build.0 = Debug|Any CPU
		{F6ABCE4E-8C6D-4842-9499-D9935CDD969B}.Debug|x64.ActiveCfg = Debug|Any CPU
		{F6ABCE4E-8C6D-4842-9499-D9935CDD969B}.Debug|x64.Build.0 = Debug|Any CPU
		{F6ABCE4E-8C6D-4842-9499-D9935CDD969B}.Debug|x86.ActiveCfg = Debug|Any CPU
		{F6ABCE4E-8C6D-4842-9499-D9935CDD969B}.Debug|x86.Build.0 = Debug|Any CPU
		{F6ABCE4E-8C6D-4842-9499-D9935CDD969B}.Release|Any CPU.ActiveCfg = Release|Any CPU
		{F6ABCE4E-8C6D-4842-9499-D9935CDD969B}.Release|Any CPU.Build.0 = Release|Any CPU
		{F6ABCE4E-8C6D-4842-9499-D9935CDD969B}.Release|x64.ActiveCfg = Release|Any CPU
		{F6ABCE4E-8C6D-4842-9499-D9935CDD969B}.Release|x64.Build.0 = Release|Any CPU
		{F6ABCE4E-8C6D-4842-9499-D9935CDD969B}.Release|x86.ActiveCfg = Release|Any CPU
		{F6ABCE4E-8C6D-4842-9499-D9935CDD969B}.Release|x86.Build.0 = Release|Any CPU
		{8AF2F3FE-840A-4745-8BC5-9EA4D0B66206}.Debug|Any CPU.ActiveCfg = Debug|Any CPU
		{8AF2F3FE-840A-4745-8BC5-9EA4D0B66206}.Debug|Any CPU.Build.0 = Debug|Any CPU
		{8AF2F3FE-840A-4745-8BC5-9EA4D0B66206}.Debug|x64.ActiveCfg = Debug|Any CPU
		{8AF2F3FE-840A-4745-8BC5-9EA4D0B66206}.Debug|x64.Build.0 = Debug|Any CPU
		{8AF2F3FE-840A-4745-8BC5-9EA4D0B66206}.Debug|x86.ActiveCfg = Debug|Any CPU
		{8AF2F3FE-840A-4745-8BC5-9EA4D0B66206}.Debug|x86.Build.0 = Debug|Any CPU
		{8AF2F3FE-840A-4745-8BC5-9EA4D0B66206}.Release|Any CPU.ActiveCfg = Release|Any CPU
		{8AF2F3FE-840A-4745-8BC5-9EA4D0B66206}.Release|Any CPU.Build.0 = Release|Any CPU
		{8AF2F3FE-840A-4745-8BC5-9EA4D0B66206}.Release|x64.ActiveCfg = Release|Any CPU
		{8AF2F3FE-840A-4745-8BC5-9EA4D0B66206}.Release|x64.Build.0 = Release|Any CPU
		{8AF2F3FE-840A-4745-8BC5-9EA4D0B66206}.Release|x86.ActiveCfg = Release|Any CPU
		{8AF2F3FE-840A-4745-8BC5-9EA4D0B66206}.Release|x86.Build.0 = Release|Any CPU
		{8BEE5C9C-1763-4547-8463-9D077E9BCC7E}.Debug|Any CPU.ActiveCfg = Debug|Any CPU
		{8BEE5C9C-1763-4547-8463-9D077E9BCC7E}.Debug|Any CPU.Build.0 = Debug|Any CPU
		{8BEE5C9C-1763-4547-8463-9D077E9BCC7E}.Debug|x64.ActiveCfg = Debug|Any CPU
		{8BEE5C9C-1763-4547-8463-9D077E9BCC7E}.Debug|x64.Build.0 = Debug|Any CPU
		{8BEE5C9C-1763-4547-8463-9D077E9BCC7E}.Debug|x86.ActiveCfg = Debug|Any CPU
		{8BEE5C9C-1763-4547-8463-9D077E9BCC7E}.Debug|x86.Build.0 = Debug|Any CPU
		{8BEE5C9C-1763-4547-8463-9D077E9BCC7E}.Release|Any CPU.ActiveCfg = Release|Any CPU
		{8BEE5C9C-1763-4547-8463-9D077E9BCC7E}.Release|Any CPU.Build.0 = Release|Any CPU
		{8BEE5C9C-1763-4547-8463-9D077E9BCC7E}.Release|x64.ActiveCfg = Release|Any CPU
		{8BEE5C9C-1763-4547-8463-9D077E9BCC7E}.Release|x64.Build.0 = Release|Any CPU
		{8BEE5C9C-1763-4547-8463-9D077E9BCC7E}.Release|x86.ActiveCfg = Release|Any CPU
		{8BEE5C9C-1763-4547-8463-9D077E9BCC7E}.Release|x86.Build.0 = Release|Any CPU
		{15CBB9BD-6F2D-4955-A509-8356AA83E26C}.Debug|Any CPU.ActiveCfg = Debug|Any CPU
		{15CBB9BD-6F2D-4955-A509-8356AA83E26C}.Debug|Any CPU.Build.0 = Debug|Any CPU
		{15CBB9BD-6F2D-4955-A509-8356AA83E26C}.Debug|x64.ActiveCfg = Debug|Any CPU
		{15CBB9BD-6F2D-4955-A509-8356AA83E26C}.Debug|x64.Build.0 = Debug|Any CPU
		{15CBB9BD-6F2D-4955-A509-8356AA83E26C}.Debug|x86.ActiveCfg = Debug|Any CPU
		{15CBB9BD-6F2D-4955-A509-8356AA83E26C}.Debug|x86.Build.0 = Debug|Any CPU
		{15CBB9BD-6F2D-4955-A509-8356AA83E26C}.Release|Any CPU.ActiveCfg = Release|Any CPU
		{15CBB9BD-6F2D-4955-A509-8356AA83E26C}.Release|Any CPU.Build.0 = Release|Any CPU
		{15CBB9BD-6F2D-4955-A509-8356AA83E26C}.Release|x64.ActiveCfg = Release|Any CPU
		{15CBB9BD-6F2D-4955-A509-8356AA83E26C}.Release|x64.Build.0 = Release|Any CPU
		{15CBB9BD-6F2D-4955-A509-8356AA83E26C}.Release|x86.ActiveCfg = Release|Any CPU
		{15CBB9BD-6F2D-4955-A509-8356AA83E26C}.Release|x86.Build.0 = Release|Any CPU
		{78811DCB-0B9A-4BBD-BDCB-CE1ADE8A496D}.Debug|Any CPU.ActiveCfg = Debug|Any CPU
		{78811DCB-0B9A-4BBD-BDCB-CE1ADE8A496D}.Debug|Any CPU.Build.0 = Debug|Any CPU
		{78811DCB-0B9A-4BBD-BDCB-CE1ADE8A496D}.Debug|x64.ActiveCfg = Debug|Any CPU
		{78811DCB-0B9A-4BBD-BDCB-CE1ADE8A496D}.Debug|x64.Build.0 = Debug|Any CPU
		{78811DCB-0B9A-4BBD-BDCB-CE1ADE8A496D}.Debug|x86.ActiveCfg = Debug|Any CPU
		{78811DCB-0B9A-4BBD-BDCB-CE1ADE8A496D}.Debug|x86.Build.0 = Debug|Any CPU
		{78811DCB-0B9A-4BBD-BDCB-CE1ADE8A496D}.Release|Any CPU.ActiveCfg = Release|Any CPU
		{78811DCB-0B9A-4BBD-BDCB-CE1ADE8A496D}.Release|Any CPU.Build.0 = Release|Any CPU
		{78811DCB-0B9A-4BBD-BDCB-CE1ADE8A496D}.Release|x64.ActiveCfg = Release|Any CPU
		{78811DCB-0B9A-4BBD-BDCB-CE1ADE8A496D}.Release|x64.Build.0 = Release|Any CPU
		{78811DCB-0B9A-4BBD-BDCB-CE1ADE8A496D}.Release|x86.ActiveCfg = Release|Any CPU
		{78811DCB-0B9A-4BBD-BDCB-CE1ADE8A496D}.Release|x86.Build.0 = Release|Any CPU
		{976021E2-164C-4DD4-9B91-D96D35056B41}.Debug|Any CPU.ActiveCfg = Debug|Any CPU
		{976021E2-164C-4DD4-9B91-D96D35056B41}.Debug|Any CPU.Build.0 = Debug|Any CPU
		{976021E2-164C-4DD4-9B91-D96D35056B41}.Debug|x64.ActiveCfg = Debug|Any CPU
		{976021E2-164C-4DD4-9B91-D96D35056B41}.Debug|x64.Build.0 = Debug|Any CPU
		{976021E2-164C-4DD4-9B91-D96D35056B41}.Debug|x86.ActiveCfg = Debug|Any CPU
		{976021E2-164C-4DD4-9B91-D96D35056B41}.Debug|x86.Build.0 = Debug|Any CPU
		{976021E2-164C-4DD4-9B91-D96D35056B41}.Release|Any CPU.ActiveCfg = Release|Any CPU
		{976021E2-164C-4DD4-9B91-D96D35056B41}.Release|Any CPU.Build.0 = Release|Any CPU
		{976021E2-164C-4DD4-9B91-D96D35056B41}.Release|x64.ActiveCfg = Release|Any CPU
		{976021E2-164C-4DD4-9B91-D96D35056B41}.Release|x64.Build.0 = Release|Any CPU
		{976021E2-164C-4DD4-9B91-D96D35056B41}.Release|x86.ActiveCfg = Release|Any CPU
		{976021E2-164C-4DD4-9B91-D96D35056B41}.Release|x86.Build.0 = Release|Any CPU
	EndGlobalSection
	GlobalSection(SolutionProperties) = preSolution
		HideSolutionNode = FALSE
	EndGlobalSection
	GlobalSection(NestedProjects) = preSolution
		{F6ABCE4E-8C6D-4842-9499-D9935CDD969B} = {91444834-041B-49D4-F19D-19943BFAB384}
		{8AF2F3FE-840A-4745-8BC5-9EA4D0B66206} = {91444834-041B-49D4-F19D-19943BFAB384}
		{8BEE5C9C-1763-4547-8463-9D077E9BCC7E} = {91444834-041B-49D4-F19D-19943BFAB384}
		{15CBB9BD-6F2D-4955-A509-8356AA83E26C} = {91444834-041B-49D4-F19D-19943BFAB384}
		{78811DCB-0B9A-4BBD-BDCB-CE1ADE8A496D} = {91444834-041B-49D4-F19D-19943BFAB384}
		{976021E2-164C-4DD4-9B91-D96D35056B41} = {91444834-041B-49D4-F19D-19943BFAB384}
	EndGlobalSection
EndGlobal
